
Microsoft Visual Studio Solution File, Format Version 12.00
# Visual Studio Version 16
VisualStudioVersion = 16.0.29418.71
MinimumVisualStudioVersion = 10.0.40219.1
Project("{8BC9CEB8-8B4A-11D0-8D11-00A0C91BC942}") = "v6a", "v6a.vcxproj", "{804C9118-07A9-437A-9883-4463E19C076F}"
EndProject
Global
	GlobalSection(SolutionConfigurationPlatforms) = preSolution
		Debug|x86 = Debug|x86
		Release|x86 = Release|x86
	EndGlobalSection
	GlobalSection(ProjectConfigurationPlatforms) = postSolution
		{804C9118-07A9-437A-9883-4463E19C076F}.Debug|x86.ActiveCfg = Debug|Win32
		{804C9118-07A9-437A-9883-4463E19C076F}.Debug|x86.Build.0 = Debug|Win32
		{804C9118-07A9-437A-9883-4463E19C076F}.Release|x86.ActiveCfg = Release|Win32
		{804C9118-07A9-437A-9883-4463E19C076F}.Release|x86.Build.0 = Release|Win32
	EndGlobalSection
	GlobalSection(SolutionProperties) = preSolution
		HideSolutionNode = FALSE
	EndGlobalSection
	GlobalSection(ExtensibilityGlobals) = postSolution
		SolutionGuid = {C849BE7B-D764-4FF8-B83E-CC0E7DD4B7B8}
	EndGlobalSection
EndGlobal
